
Microsoft Visual Studio Solution File, Format Version 12.00
# Visual Studio 15
VisualStudioVersion = 15.0.27205.2004
MinimumVisualStudioVersion = 10.0.40219.1
Project("{FAE04EC0-301F-11D3-BF4B-00C04F79EFBC}") = "JsonGSharp.Net", "JsonGSharp.Net\JsonGSharp.Net.csproj", "{89E4911E-AC7A-4961-9876-03533A0DCAFA}"
EndProject
Global
	GlobalSection(SolutionConfigurationPlatforms) = preSolution
		Debug|Any CPU = Debug|Any CPU
		Release|Any CPU = Release|Any CPU
	EndGlobalSection
	GlobalSection(ProjectConfigurationPlatforms) = postSolution
		{89E4911E-AC7A-4961-9876-03533A0DCAFA}.Debug|Any CPU.ActiveCfg = Debug|Any CPU
		{89E4911E-AC7A-4961-9876-03533A0DCAFA}.Debug|Any CPU.Build.0 = Debug|Any CPU
		{89E4911E-AC7A-4961-9876-03533A0DCAFA}.Release|Any CPU.ActiveCfg = Release|Any CPU
		{89E4911E-AC7A-4961-9876-03533A0DCAFA}.Release|Any CPU.Build.0 = Release|Any CPU
	EndGlobalSection
	GlobalSection(SolutionProperties) = preSolution
		HideSolutionNode = FALSE
	EndGlobalSection
	GlobalSection(ExtensibilityGlobals) = postSolution
		SolutionGuid = {721D0C6A-557F-49E1-AC18-E2EFFCE1AF56}
	EndGlobalSection
EndGlobal
